{
    "name": "penpal-datastore",
    "version": "0.1.0",
    "lockfileVersion": 2,
    "requires": true,
    "packages": {
        "": {
            "name": "penpal-datastore",
            "version": "0.1.0",
            "dependencies": {
                "biguint-format": "1.0.2",
                "flake-idgen": "1.4.0"
            }
        },
        "node_modules/biguint-format": {
            "version": "1.0.2",
            "resolved": "https://registry.npmjs.org/biguint-format/-/biguint-format-1.0.2.tgz",
            "integrity": "sha512-A9/8NoHnszWRAp4WCrgwe70wMd0FVDB3pXTdKs78z3pgwHRhc/BGU3uO7Wmfp9ueWD5WpmncL1OpypGnvc1R3w=="
        },
        "node_modules/flake-idgen": {
            "version": "1.4.0",
            "resolved": "https://registry.npmjs.org/flake-idgen/-/flake-idgen-1.4.0.tgz",
            "integrity": "sha512-l+dtBcIAwAPqmtDelZAAw0NzKOBosiu/3hAFH69W3n1rH8wkKN1hUp6SaR1tmH/NmzaCUQs1BFKULKVhqGWdMw=="
        }
    },
    "dependencies": {
        "biguint-format": {
            "version": "1.0.2",
            "resolved": "https://registry.npmjs.org/biguint-format/-/biguint-format-1.0.2.tgz",
            "integrity": "sha512-A9/8NoHnszWRAp4WCrgwe70wMd0FVDB3pXTdKs78z3pgwHRhc/BGU3uO7Wmfp9ueWD5WpmncL1OpypGnvc1R3w=="
        },
        "flake-idgen": {
            "version": "1.4.0",
            "resolved": "https://registry.npmjs.org/flake-idgen/-/flake-idgen-1.4.0.tgz",
            "integrity": "sha512-l+dtBcIAwAPqmtDelZAAw0NzKOBosiu/3hAFH69W3n1rH8wkKN1hUp6SaR1tmH/NmzaCUQs1BFKULKVhqGWdMw=="
        }
    }
}
